<?xml version="1.0" encoding="utf-8"?>
<Project ToolsVersion="15.0" xmlns="http://schemas.microsoft.com/developer/msbuild/2003">
  <ItemGroup>
    <CustomBuild Include="C:\Development\op3d_active\tiff-4.0.10\msvc\CMakeFiles\6bc0952d829df0c79cfa0a1eba6221cd\RUN_TESTS_force.rule">
      <Filter>CMake Rules</Filter>
    </CustomBuild>
  </ItemGroup>
  <ItemGroup>
    <Filter Include="CMake Rules">
      <UniqueIdentifier>{8C0C0AF3-C684-3612-AFCF-418C44C23537}</UniqueIdentifier>
    </Filter>
  </ItemGroup>
</Project>
